# @generated - this file is auto-generated by `mise lock` https://mise.en.dev/dev-tools/mise-lock.html

[[tools.cargo-binstall]]
version = "1.19.1"
backend = "aqua:cargo-bins/cargo-binstall"

[tools.cargo-binstall."platforms.linux-arm64"]
checksum = "sha256:2001eee8da26705ad9627e57a25c23eb4639647521205f3e4a7b4e09d067d199"
url = "https://github.com/cargo-bins/cargo-binstall/releases/download/v1.19.1/cargo-binstall-aarch64-unknown-linux-musl.tgz"
provenance = "github-attestations"

[tools.cargo-binstall."platforms.linux-arm64-musl"]
checksum = "sha256:2001eee8da26705ad9627e57a25c23eb4639647521205f3e4a7b4e09d067d199"
url = "https://github.com/cargo-bins/cargo-binstall/releases/download/v1.19.1/cargo-binstall-aarch64-unknown-linux-musl.tgz"

[tools.cargo-binstall."platforms.linux-x64"]
checksum = "sha256:4a50fcf01418862e2fa8e4076cb6cb80ff4061b0c0b1464e71a63ce01ee29bde"
url = "https://github.com/cargo-bins/cargo-binstall/releases/download/v1.19.1/cargo-binstall-x86_64-unknown-linux-musl.tgz"

[tools.cargo-binstall."platforms.linux-x64-musl"]
checksum = "sha256:4a50fcf01418862e2fa8e4076cb6cb80ff4061b0c0b1464e71a63ce01ee29bde"
url = "https://github.com/cargo-bins/cargo-binstall/releases/download/v1.19.1/cargo-binstall-x86_64-unknown-linux-musl.tgz"
provenance = "github-attestations"

[tools.cargo-binstall."platforms.macos-arm64"]
checksum = "sha256:bf9da6a27e432784f361cfbc70a6d04e548abc548470ae9a7587c3cffb8fb0a7"
url = "https://github.com/cargo-bins/cargo-binstall/releases/download/v1.19.1/cargo-binstall-aarch64-apple-darwin.zip"
provenance = "github-attestations"

[tools.cargo-binstall."platforms.macos-x64"]
checksum = "sha256:39257851fe4fd8cc9dd81fb318f15d589b7178b74165879eddeda8062bd9fcf2"
url = "https://github.com/cargo-bins/cargo-binstall/releases/download/v1.19.1/cargo-binstall-x86_64-apple-darwin.zip"

[tools.cargo-binstall."platforms.windows-x64"]
checksum = "sha256:dd1f425c177aa1a57c9b17883ff76257f913a5f0afb35424f0767c6984164b7f"
url = "https://github.com/cargo-bins/cargo-binstall/releases/download/v1.19.1/cargo-binstall-x86_64-pc-windows-msvc.zip"

[[tools."cargo:communique"]]
version = "1.1.3"
backend = "cargo:communique"

[[tools."cargo:hk"]]
version = "1.45.0"
backend = "cargo:hk"

[[tools."cargo:pitchfork-cli"]]
version = "2.11.0"
backend = "cargo:pitchfork-cli"

[[tools.dprint]]
version = "0.54.0"
backend = "aqua:dprint/dprint"

[tools.dprint."platforms.linux-arm64"]
checksum = "sha256:9a66b5931ca30402a3dd2933c432c6b6316eedd08037ab0aeb8d24cd17b2a301"
url = "https://github.com/dprint/dprint/releases/download/0.54.0/dprint-aarch64-unknown-linux-musl.zip"

[tools.dprint."platforms.linux-arm64-musl"]
checksum = "sha256:9a66b5931ca30402a3dd2933c432c6b6316eedd08037ab0aeb8d24cd17b2a301"
url = "https://github.com/dprint/dprint/releases/download/0.54.0/dprint-aarch64-unknown-linux-musl.zip"

[tools.dprint."platforms.linux-x64"]
checksum = "sha256:859ae94e596105201faa59a3fb4bedc8316e226e3e154ae410f9373461e1e41c"
url = "https://github.com/dprint/dprint/releases/download/0.54.0/dprint-x86_64-unknown-linux-musl.zip"

[tools.dprint."platforms.linux-x64-musl"]
checksum = "sha256:859ae94e596105201faa59a3fb4bedc8316e226e3e154ae410f9373461e1e41c"
url = "https://github.com/dprint/dprint/releases/download/0.54.0/dprint-x86_64-unknown-linux-musl.zip"

[tools.dprint."platforms.macos-arm64"]
checksum = "sha256:1d6a8fb14d66cba0f049738edd4ab3b1afc1de6d936cd32e483e33284cfd1ade"
url = "https://github.com/dprint/dprint/releases/download/0.54.0/dprint-aarch64-apple-darwin.zip"

[tools.dprint."platforms.macos-x64"]
checksum = "sha256:fdbffa16cf0890ca30e958ffdabe7748e733867651a438ede1501f0e1a7b5e91"
url = "https://github.com/dprint/dprint/releases/download/0.54.0/dprint-x86_64-apple-darwin.zip"

[tools.dprint."platforms.windows-x64"]
checksum = "sha256:3fd881acaf7fd4fbc5d07c3030ce79b965a4cb7128fe0eb1ebe725188ccd2715"
url = "https://github.com/dprint/dprint/releases/download/0.54.0/dprint-x86_64-pc-windows-msvc.zip"

[[tools.fnox]]
version = "1.25.1"
backend = "github:jdx/fnox"

[tools.fnox."platforms.linux-arm64"]
checksum = "sha256:fc37354b449e93cf6a15a18c15b58b27f4304ac532559b447e88b7f4e03eea83"
url = "https://github.com/jdx/fnox/releases/download/v1.25.1/fnox-aarch64-unknown-linux-gnu.tar.gz"
url_api = "https://api.github.com/repos/jdx/fnox/releases/assets/422647955"
provenance = "github-attestations"

[tools.fnox."platforms.linux-arm64-musl"]
checksum = "sha256:1e5e902a941d3a7eea262699d0f7169da5e5d06155c2f82def0baff086f9d3a4"
url = "https://github.com/jdx/fnox/releases/download/v1.25.1/fnox-aarch64-unknown-linux-musl.tar.gz"
url_api = "https://api.github.com/repos/jdx/fnox/releases/assets/422647954"

[tools.fnox."platforms.linux-x64"]
checksum = "sha256:157a3ade234eec5b8a57dfc2ae5e3ac40f1871a5fd8affac94131d91ca60023b"
url = "https://github.com/jdx/fnox/releases/download/v1.25.1/fnox-x86_64-unknown-linux-gnu.tar.gz"
url_api = "https://api.github.com/repos/jdx/fnox/releases/assets/422647964"
provenance = "github-attestations"

[tools.fnox."platforms.linux-x64-musl"]
checksum = "sha256:9bb4f563a65ba89e5a6759e95658eafbd1e32d8bd8cb1bf72fc5ff652566eaf5"
url = "https://github.com/jdx/fnox/releases/download/v1.25.1/fnox-x86_64-unknown-linux-musl.tar.gz"
url_api = "https://api.github.com/repos/jdx/fnox/releases/assets/422647965"

[tools.fnox."platforms.macos-arm64"]
checksum = "sha256:39d1f8cc620d3784f1b4c0127a0cf404f97d35ac4233656d36891d80c77cd147"
url = "https://github.com/jdx/fnox/releases/download/v1.25.1/fnox-aarch64-apple-darwin.tar.gz"
url_api = "https://api.github.com/repos/jdx/fnox/releases/assets/422647956"
provenance = "github-attestations"

[tools.fnox."platforms.macos-x64"]
checksum = "sha256:82ff6c5a8431a0f7d2d7c0d1c9c29c9ead860ef1bfbdd18e818b3c24bcde44cb"
url = "https://github.com/jdx/fnox/releases/download/v1.25.1/fnox-x86_64-apple-darwin.tar.gz"
url_api = "https://api.github.com/repos/jdx/fnox/releases/assets/422647953"

[tools.fnox."platforms.windows-x64"]
checksum = "sha256:e2874ecb0bb39816d1e5af60a920875bba5831182a46dad629a206bfcc4cb5bb"
url = "https://github.com/jdx/fnox/releases/download/v1.25.1/fnox-x86_64-pc-windows-msvc.zip"
url_api = "https://api.github.com/repos/jdx/fnox/releases/assets/422647962"

[[tools."github:aviator-co/av"]]
version = "0.1.35"
backend = "github:aviator-co/av"

[tools."github:aviator-co/av"."platforms.linux-arm64"]
checksum = "sha256:6915c81673007a3a6872d18bacf5f5675835bfde6f875b5070234f7097086ed7"
url = "https://github.com/aviator-co/av/releases/download/v0.1.35/av_0.1.35_linux_arm64.tar.gz"
url_api = "https://api.github.com/repos/aviator-co/av/releases/assets/421379343"

[tools."github:aviator-co/av"."platforms.linux-arm64-musl"]
checksum = "sha256:6915c81673007a3a6872d18bacf5f5675835bfde6f875b5070234f7097086ed7"
url = "https://github.com/aviator-co/av/releases/download/v0.1.35/av_0.1.35_linux_arm64.tar.gz"
url_api = "https://api.github.com/repos/aviator-co/av/releases/assets/421379343"

[tools."github:aviator-co/av"."platforms.linux-x64"]
checksum = "sha256:1b8b0bcba038bf7d701309bd4027273cfd4dea666a6857842f212afc863faa9d"
url = "https://github.com/aviator-co/av/releases/download/v0.1.35/av_0.1.35_linux_x86_64.tar.gz"
url_api = "https://api.github.com/repos/aviator-co/av/releases/assets/421379344"

[tools."github:aviator-co/av"."platforms.linux-x64-musl"]
checksum = "sha256:1b8b0bcba038bf7d701309bd4027273cfd4dea666a6857842f212afc863faa9d"
url = "https://github.com/aviator-co/av/releases/download/v0.1.35/av_0.1.35_linux_x86_64.tar.gz"
url_api = "https://api.github.com/repos/aviator-co/av/releases/assets/421379344"

[tools."github:aviator-co/av"."platforms.macos-arm64"]
checksum = "sha256:bf56bfb78baf96d87eebfe67f2652995ff2d0f5769d3b166eac3b3bc8998f5eb"
url = "https://github.com/aviator-co/av/releases/download/v0.1.35/av_0.1.35_darwin_arm64.tar.gz"
url_api = "https://api.github.com/repos/aviator-co/av/releases/assets/421379342"

[tools."github:aviator-co/av"."platforms.macos-x64"]
checksum = "sha256:24580fcba5e80e2e07026d58d035d46f4de088b44c723e6d6e14cf4e8ab3ecd8"
url = "https://github.com/aviator-co/av/releases/download/v0.1.35/av_0.1.35_darwin_x86_64.tar.gz"
url_api = "https://api.github.com/repos/aviator-co/av/releases/assets/421379352"

[tools."github:aviator-co/av"."platforms.windows-x64"]
checksum = "sha256:af4cb45bda421f79f8bf266122d13e15599ee77c5f94ed817cd888b90189d6aa"
url = "https://github.com/aviator-co/av/releases/download/v0.1.35/av_0.1.35_windows_x86_64.tar.gz"
url_api = "https://api.github.com/repos/aviator-co/av/releases/assets/421379345"

[[tools.infisical]]
version = "0.43.85"
backend = "github:Infisical/cli"

[tools.infisical."platforms.linux-arm64"]
checksum = "sha256:895f727bbf1b2ccade9edf39ba296e7004d1eb46638e1bce3ccc7693de9b8929"
url = "https://github.com/Infisical/cli/releases/download/v0.43.85/cli_0.43.85_linux_arm64.tar.gz"
url_api = "https://api.github.com/repos/Infisical/cli/releases/assets/424688539"

[tools.infisical."platforms.linux-arm64-musl"]
checksum = "sha256:895f727bbf1b2ccade9edf39ba296e7004d1eb46638e1bce3ccc7693de9b8929"
url = "https://github.com/Infisical/cli/releases/download/v0.43.85/cli_0.43.85_linux_arm64.tar.gz"
url_api = "https://api.github.com/repos/Infisical/cli/releases/assets/424688539"

[tools.infisical."platforms.linux-x64"]
checksum = "sha256:4d49d9842b7124ef1b144625b148e81a5c0ce717227e06ef999f7d2e72f9d4ad"
url = "https://github.com/Infisical/cli/releases/download/v0.43.85/cli_0.43.85_linux_amd64.tar.gz"
url_api = "https://api.github.com/repos/Infisical/cli/releases/assets/424688546"

[tools.infisical."platforms.linux-x64-musl"]
checksum = "sha256:4d49d9842b7124ef1b144625b148e81a5c0ce717227e06ef999f7d2e72f9d4ad"
url = "https://github.com/Infisical/cli/releases/download/v0.43.85/cli_0.43.85_linux_amd64.tar.gz"
url_api = "https://api.github.com/repos/Infisical/cli/releases/assets/424688546"

[tools.infisical."platforms.macos-arm64"]
checksum = "sha256:c229fb42516f5bcdd1d4ecbdb938013d7af6ba1e5c0b127c10d6cc724c95e8e8"
url = "https://github.com/Infisical/cli/releases/download/v0.43.85/cli_0.43.85_darwin_arm64.tar.gz"
url_api = "https://api.github.com/repos/Infisical/cli/releases/assets/424686844"

[tools.infisical."platforms.macos-x64"]
checksum = "sha256:bf43fd6f8544f56af31b399b10a6c7181f96e1607ca0aaa20989055d9aa4d854"
url = "https://github.com/Infisical/cli/releases/download/v0.43.85/cli_0.43.85_darwin_amd64.tar.gz"
url_api = "https://api.github.com/repos/Infisical/cli/releases/assets/424686846"

[tools.infisical."platforms.windows-x64"]
checksum = "sha256:f7afad45c7e5d3c09b012234d8f56633d37bd692990b13b8d07562d96a653b50"
url = "https://github.com/Infisical/cli/releases/download/v0.43.85/cli_0.43.85_windows_amd64.zip"
url_api = "https://api.github.com/repos/Infisical/cli/releases/assets/424688568"

[[tools.rust]]
version = "1.88.0"
backend = "core:rust"
